# Generated by the "abc" command. Do not modify.
api_version: cli.abcxyz.dev/v1beta6
kind: Manifest
creation_time: 2025-04-09T16:28:16.284699461Z
modification_time: 2025-04-09T19:58:20.668547695Z
template_location: abc.templates/lint-pkg
location_type: local_git
template_version: 934d27a759c15ac99cdebfdf24bb691000a1a202
upgrade_channel: ""
template_dirhash: h1:fNQQZlQCdk/UPlbogG4lq3yrsUq5JzE13unjUkr+G5o=
inputs:
    - name: abc_version
      value: 0.10.1
output_files:
    - file: .github/workflows/lint-pkg.yml
      hash: h1:M5mVO1Yp2OCSw6CQOcjEJzXzoufXa6Tyx/R2eroE6gE=
