# Generated by the "abc" command. Do not modify.
api_version: cli.abcxyz.dev/v1beta6
kind: Manifest
creation_time: 2025-04-09T16:28:16.284699461Z
modification_time: 2025-04-09T19:40:30.048679329Z
template_location: abc.templates/lint-pkg
location_type: local_git
template_version: 2a7206aa1373a99fbd00bdec63ab046f771a2e5b
upgrade_channel: ""
template_dirhash: h1:8nELtP8v7/DGQaetSqhWBC0ZCIbMiGHqp8KDN37MpNo=
inputs:
    - name: abc_version
      value: 0.10.1
output_files:
    - file: .github/workflows/lint-pkg.yml
      hash: h1:u5zA61EflP2jn6pb0bZ4CVxQRnkCM8QVEFEmfp7QNDg=
